// !$*UTF8*$!
{
	archiveVersion = 1;
	classes = {
	};
	objectVersion = 46;
	objects = {

/* Begin PBXBuildFile section */
		790E7CAB1A061CEA009E6824 /* IsaSwizzleTest.m in Sources */ = {isa = PBXBuildFile; fileRef = 790E7CAA1A061CEA009E6824 /* IsaSwizzleTest.m */; };
		790E7CB11A061D0A009E6824 /* NSObject+IsaSwizzle.mm in Sources */ = {isa = PBXBuildFile; fileRef = 790E7CB01A061D0A009E6824 /* NSObject+IsaSwizzle.mm */; };
		790E7CB21A061D0A009E6824 /* NSObject+IsaSwizzle.mm in Sources */ = {isa = PBXBuildFile; fileRef = 790E7CB01A061D0A009E6824 /* NSObject+IsaSwizzle.mm */; };
		7938A4CE1A0615BD00CD3F8F /* main.mm in Sources */ = {isa = PBXBuildFile; fileRef = 7938A4CD1A0615BD00CD3F8F /* main.mm */; };
/* End PBXBuildFile section */

/* Begin PBXCopyFilesBuildPhase section */
		7938A4C81A0615BD00CD3F8F /* CopyFiles */ = {
			isa = PBXCopyFilesBuildPhase;
			buildActionMask = 2147483647;
			dstPath = /usr/share/man/man1/;
			dstSubfolderSpec = 0;
			files = (
			);
			runOnlyForDeploymentPostprocessing = 1;
		};
/* End PBXCopyFilesBuildPhase section */

/* Begin PBXFileReference section */
		790E7CA61A061CEA009E6824 /* IsaSwizzleTest.xctest */ = {isa = PBXFileReference; explicitFileType = wrapper.cfbundle; includeInIndex = 0; path = IsaSwizzleTest.xctest; sourceTree = BUILT_PRODUCTS_DIR; };
		790E7CA91A061CEA009E6824 /* Info.plist */ = {isa = PBXFileReference; lastKnownFileType = text.plist.xml; path = Info.plist; sourceTree = "<group>"; };
		790E7CAA1A061CEA009E6824 /* IsaSwizzleTest.m */ = {isa = PBXFileReference; lastKnownFileType = sourcecode.c.objc; path = IsaSwizzleTest.m; sourceTree = "<group>"; };
		790E7CAF1A061D0A009E6824 /* NSObject+IsaSwizzle.h */ = {isa = PBXFileReference; fileEncoding = 4; lastKnownFileType = sourcecode.c.h; path = "NSObject+IsaSwizzle.h"; sourceTree = "<group>"; };
		790E7CB01A061D0A009E6824 /* NSObject+IsaSwizzle.mm */ = {isa = PBXFileReference; fileEncoding = 4; lastKnownFileType = sourcecode.cpp.objcpp; path = "NSObject+IsaSwizzle.mm"; sourceTree = "<group>"; };
		7938A4CA1A0615BD00CD3F8F /* IsaSwizzle */ = {isa = PBXFileReference; explicitFileType = "compiled.mach-o.executable"; includeInIndex = 0; path = IsaSwizzle; sourceTree = BUILT_PRODUCTS_DIR; };
		7938A4CD1A0615BD00CD3F8F /* main.mm */ = {isa = PBXFileReference; lastKnownFileType = sourcecode.cpp.objcpp; path = main.mm; sourceTree = "<group>"; };
/* End PBXFileReference section */

/* Begin PBXFrameworksBuildPhase section */
		790E7CA31A061CEA009E6824 /* Frameworks */ = {
			isa = PBXFrameworksBuildPhase;
			buildActionMask = 2147483647;
			files = (
			);
			runOnlyForDeploymentPostprocessing = 0;
		};
		7938A4C71A0615BD00CD3F8F /* Frameworks */ = {
			isa = PBXFrameworksBuildPhase;
			buildActionMask = 2147483647;
			files = (
			);
			runOnlyForDeploymentPostprocessing = 0;
		};
/* End PBXFrameworksBuildPhase section */

/* Begin PBXGroup section */
		790E7CA71A061CEA009E6824 /* IsaSwizzleTest */ = {
			isa = PBXGroup;
			children = (
				790E7CAA1A061CEA009E6824 /* IsaSwizzleTest.m */,
				790E7CA81A061CEA009E6824 /* Supporting Files */,
			);
			path = IsaSwizzleTest;
			sourceTree = "<group>";
		};
		790E7CA81A061CEA009E6824 /* Supporting Files */ = {
			isa = PBXGroup;
			children = (
				790E7CA91A061CEA009E6824 /* Info.plist */,
			);
			name = "Supporting Files";
			sourceTree = "<group>";
		};
		7938A4C11A0615BD00CD3F8F = {
			isa = PBXGroup;
			children = (
				7938A4CC1A0615BD00CD3F8F /* IsaSwizzle */,
				790E7CA71A061CEA009E6824 /* IsaSwizzleTest */,
				7938A4CB1A0615BD00CD3F8F /* Products */,
			);
			sourceTree = "<group>";
		};
		7938A4CB1A0615BD00CD3F8F /* Products */ = {
			isa = PBXGroup;
			children = (
				7938A4CA1A0615BD00CD3F8F /* IsaSwizzle */,
				790E7CA61A061CEA009E6824 /* IsaSwizzleTest.xctest */,
			);
			name = Products;
			sourceTree = "<group>";
		};
		7938A4CC1A0615BD00CD3F8F /* IsaSwizzle */ = {
			isa = PBXGroup;
			children = (
				7938A4CD1A0615BD00CD3F8F /* main.mm */,
				790E7CAF1A061D0A009E6824 /* NSObject+IsaSwizzle.h */,
				790E7CB01A061D0A009E6824 /* NSObject+IsaSwizzle.mm */,
			);
			path = IsaSwizzle;
			sourceTree = "<group>";
		};
/* End PBXGroup section */

/* Begin PBXNativeTarget section */
		790E7CA51A061CEA009E6824 /* IsaSwizzleTest */ = {
			isa = PBXNativeTarget;
			buildConfigurationList = 790E7CAC1A061CEA009E6824 /* Build configuration list for PBXNativeTarget "IsaSwizzleTest" */;
			buildPhases = (
				790E7CA21A061CEA009E6824 /* Sources */,
				790E7CA31A061CEA009E6824 /* Frameworks */,
				790E7CA41A061CEA009E6824 /* Resources */,
			);
			buildRules = (
			);
			dependencies = (
			);
			name = IsaSwizzleTest;
			productName = IsaSwizzleTest;
			productReference = 790E7CA61A061CEA009E6824 /* IsaSwizzleTest.xctest */;
			productType = "com.apple.product-type.bundle.unit-test";
		};
		7938A4C91A0615BD00CD3F8F /* IsaSwizzle */ = {
			isa = PBXNativeTarget;
			buildConfigurationList = 7938A4D11A0615BD00CD3F8F /* Build configuration list for PBXNativeTarget "IsaSwizzle" */;
			buildPhases = (
				7938A4C61A0615BD00CD3F8F /* Sources */,
				7938A4C71A0615BD00CD3F8F /* Frameworks */,
				7938A4C81A0615BD00CD3F8F /* CopyFiles */,
			);
			buildRules = (
			);
			dependencies = (
			);
			name = IsaSwizzle;
			productName = IsaSwizzle;
			productReference = 7938A4CA1A0615BD00CD3F8F /* IsaSwizzle */;
			productType = "com.apple.product-type.tool";
		};
/* End PBXNativeTarget section */

/* Begin PBXProject section */
		7938A4C21A0615BD00CD3F8F /* Project object */ = {
			isa = PBXProject;
			attributes = {
				LastUpgradeCheck = 0610;
				ORGANIZATIONNAME = "Michail Pishchagin";
				TargetAttributes = {
					790E7CA51A061CEA009E6824 = {
						CreatedOnToolsVersion = 6.1;
					};
					7938A4C91A0615BD00CD3F8F = {
						CreatedOnToolsVersion = 6.1;
					};
				};
			};
			buildConfigurationList = 7938A4C51A0615BD00CD3F8F /* Build configuration list for PBXProject "IsaSwizzle" */;
			compatibilityVersion = "Xcode 3.2";
			developmentRegion = English;
			hasScannedForEncodings = 0;
			knownRegions = (
				en,
			);
			mainGroup = 7938A4C11A0615BD00CD3F8F;
			productRefGroup = 7938A4CB1A0615BD00CD3F8F /* Products */;
			projectDirPath = "";
			projectRoot = "";
			targets = (
				7938A4C91A0615BD00CD3F8F /* IsaSwizzle */,
				790E7CA51A061CEA009E6824 /* IsaSwizzleTest */,
			);
		};
/* End PBXProject section */

/* Begin PBXResourcesBuildPhase section */
		790E7CA41A061CEA009E6824 /* Resources */ = {
			isa = PBXResourcesBuildPhase;
			buildActionMask = 2147483647;
			files = (
			);
			runOnlyForDeploymentPostprocessing = 0;
		};
/* End PBXResourcesBuildPhase section */

/* Begin PBXSourcesBuildPhase section */
		790E7CA21A061CEA009E6824 /* Sources */ = {
			isa = PBXSourcesBuildPhase;
			buildActionMask = 2147483647;
			files = (
				790E7CB21A061D0A009E6824 /* NSObject+IsaSwizzle.mm in Sources */,
				790E7CAB1A061CEA009E6824 /* IsaSwizzleTest.m in Sources */,
			);
			runOnlyForDeploymentPostprocessing = 0;
		};
		7938A4C61A0615BD00CD3F8F /* Sources */ = {
			isa = PBXSourcesBuildPhase;
			buildActionMask = 2147483647;
			files = (
				790E7CB11A061D0A009E6824 /* NSObject+IsaSwizzle.mm in Sources */,
				7938A4CE1A0615BD00CD3F8F /* main.mm in Sources */,
			);
			runOnlyForDeploymentPostprocessing = 0;
		};
/* End PBXSourcesBuildPhase section */

/* Begin XCBuildConfiguration section */
		790E7CAD1A061CEA009E6824 /* Debug */ = {
			isa = XCBuildConfiguration;
			buildSettings = {
				CLANG_ENABLE_OBJC_ARC = NO;
				COMBINE_HIDPI_IMAGES = YES;
				FRAMEWORK_SEARCH_PATHS = (
					"$(DEVELOPER_FRAMEWORKS_DIR)",
					"$(inherited)",
				);
				GCC_PREPROCESSOR_DEFINITIONS = (
					"DEBUG=1",
					"$(inherited)",
				);
				INFOPLIST_FILE = IsaSwizzleTest/Info.plist;
				LD_RUNPATH_SEARCH_PATHS = "$(inherited) @executable_path/../Frameworks @loader_path/../Frameworks";
				PRODUCT_NAME = "$(TARGET_NAME)";
			};
			name = Debug;
		};
		790E7CAE1A061CEA009E6824 /* Release */ = {
			isa = XCBuildConfiguration;
			buildSettings = {
				CLANG_ENABLE_OBJC_ARC = NO;
				COMBINE_HIDPI_IMAGES = YES;
				FRAMEWORK_SEARCH_PATHS = (
					"$(DEVELOPER_FRAMEWORKS_DIR)",
					"$(inherited)",
				);
				INFOPLIST_FILE = IsaSwizzleTest/Info.plist;
				LD_RUNPATH_SEARCH_PATHS = "$(inherited) @executable_path/../Frameworks @loader_path/../Frameworks";
				PRODUCT_NAME = "$(TARGET_NAME)";
			};
			name = Release;
		};
		7938A4CF1A0615BD00CD3F8F /* Debug */ = {
			isa = XCBuildConfiguration;
			buildSettings = {
				ALWAYS_SEARCH_USER_PATHS = NO;
				CLANG_CXX_LANGUAGE_STANDARD = "gnu++0x";
				CLANG_CXX_LIBRARY = "libc++";
				CLANG_ENABLE_MODULES = YES;
				CLANG_ENABLE_OBJC_ARC = YES;
				CLANG_WARN_BOOL_CONVERSION = YES;
				CLANG_WARN_CONSTANT_CONVERSION = YES;
				CLANG_WARN_DIRECT_OBJC_ISA_USAGE = YES_ERROR;
				CLANG_WARN_EMPTY_BODY = YES;
				CLANG_WARN_ENUM_CONVERSION = YES;
				CLANG_WARN_INT_CONVERSION = YES;
				CLANG_WARN_OBJC_ROOT_CLASS = YES_ERROR;
				CLANG_WARN_UNREACHABLE_CODE = YES;
				CLANG_WARN__DUPLICATE_METHOD_MATCH = YES;
				COPY_PHASE_STRIP = NO;
				ENABLE_STRICT_OBJC_MSGSEND = YES;
				GCC_C_LANGUAGE_STANDARD = gnu99;
				GCC_DYNAMIC_NO_PIC = NO;
				GCC_OPTIMIZATION_LEVEL = 0;
				GCC_PREPROCESSOR_DEFINITIONS = (
					"DEBUG=1",
					"$(inherited)",
				);
				GCC_SYMBOLS_PRIVATE_EXTERN = NO;
				GCC_WARN_64_TO_32_BIT_CONVERSION = YES;
				GCC_WARN_ABOUT_RETURN_TYPE = YES_ERROR;
				GCC_WARN_UNDECLARED_SELECTOR = YES;
				GCC_WARN_UNINITIALIZED_AUTOS = YES_AGGRESSIVE;
				GCC_WARN_UNUSED_FUNCTION = YES;
				GCC_WARN_UNUSED_VARIABLE = YES;
				MACOSX_DEPLOYMENT_TARGET = 10.10;
				MTL_ENABLE_DEBUG_INFO = YES;
				ONLY_ACTIVE_ARCH = YES;
				SDKROOT = macosx;
			};
			name = Debug;
		};
		7938A4D01A0615BD00CD3F8F /* Release */ = {
			isa = XCBuildConfiguration;
			buildSettings = {
				ALWAYS_SEARCH_USER_PATHS = NO;
				CLANG_CXX_LANGUAGE_STANDARD = "gnu++0x";
				CLANG_CXX_LIBRARY = "libc++";
				CLANG_ENABLE_MODULES = YES;
				CLANG_ENABLE_OBJC_ARC = YES;
				CLANG_WARN_BOOL_CONVERSION = YES;
				CLANG_WARN_CONSTANT_CONVERSION = YES;
				CLANG_WARN_DIRECT_OBJC_ISA_USAGE = YES_ERROR;
				CLANG_WARN_EMPTY_BODY = YES;
				CLANG_WARN_ENUM_CONVERSION = YES;
				CLANG_WARN_INT_CONVERSION = YES;
				CLANG_WARN_OBJC_ROOT_CLASS = YES_ERROR;
				CLANG_WARN_UNREACHABLE_CODE = YES;
				CLANG_WARN__DUPLICATE_METHOD_MATCH = YES;
				COPY_PHASE_STRIP = YES;
				DEBUG_INFORMATION_FORMAT = "dwarf-with-dsym";
				ENABLE_NS_ASSERTIONS = NO;
				ENABLE_STRICT_OBJC_MSGSEND = YES;
				GCC_C_LANGUAGE_STANDARD = gnu99;
				GCC_WARN_64_TO_32_BIT_CONVERSION = YES;
				GCC_WARN_ABOUT_RETURN_TYPE = YES_ERROR;
				GCC_WARN_UNDECLARED_SELECTOR = YES;
				GCC_WARN_UNINITIALIZED_AUTOS = YES_AGGRESSIVE;
				GCC_WARN_UNUSED_FUNCTION = YES;
				GCC_WARN_UNUSED_VARIABLE = YES;
				MACOSX_DEPLOYMENT_TARGET = 10.10;
				MTL_ENABLE_DEBUG_INFO = NO;
				SDKROOT = macosx;
			};
			name = Release;
		};
		7938A4D21A0615BD00CD3F8F /* Debug */ = {
			isa = XCBuildConfiguration;
			buildSettings = {
				CLANG_ENABLE_OBJC_ARC = NO;
				PRODUCT_NAME = "$(TARGET_NAME)";
			};
			name = Debug;
		};
		7938A4D31A0615BD00CD3F8F /* Release */ = {
			isa = XCBuildConfiguration;
			buildSettings = {
				CLANG_ENABLE_OBJC_ARC = NO;
				PRODUCT_NAME = "$(TARGET_NAME)";
			};
			name = Release;
		};
/* End XCBuildConfiguration section */

/* Begin XCConfigurationList section */
		790E7CAC1A061CEA009E6824 /* Build configuration list for PBXNativeTarget "IsaSwizzleTest" */ = {
			isa = XCConfigurationList;
			buildConfigurations = (
				790E7CAD1A061CEA009E6824 /* Debug */,
				790E7CAE1A061CEA009E6824 /* Release */,
			);
			defaultConfigurationIsVisible = 0;
		};
		7938A4C51A0615BD00CD3F8F /* Build configuration list for PBXProject "IsaSwizzle" */ = {
			isa = XCConfigurationList;
			buildConfigurations = (
				7938A4CF1A0615BD00CD3F8F /* Debug */,
				7938A4D01A0615BD00CD3F8F /* Release */,
			);
			defaultConfigurationIsVisible = 0;
			defaultConfigurationName = Release;
		};
		7938A4D11A0615BD00CD3F8F /* Build configuration list for PBXNativeTarget "IsaSwizzle" */ = {
			isa = XCConfigurationList;
			buildConfigurations = (
				7938A4D21A0615BD00CD3F8F /* Debug */,
				7938A4D31A0615BD00CD3F8F /* Release */,
			);
			defaultConfigurationIsVisible = 0;
			defaultConfigurationName = Release;
		};
/* End XCConfigurationList section */
	};
	rootObject = 7938A4C21A0615BD00CD3F8F /* Project object */;
}
